
Microsoft Visual Studio Solution File, Format Version 12.00
# Visual Studio 15
VisualStudioVersion = 15.0.27703.2047
MinimumVisualStudioVersion = 10.0.40219.1
Project("{FAE04EC0-301F-11D3-BF4B-00C04F79EFBC}") = "RentAHousband", "RentAHousband\RentAHousband.csproj", "{D0A6088A-D4F9-41C3-8AFB-3EBC78CD1038}"
EndProject
Project("{FAE04EC0-301F-11D3-BF4B-00C04F79EFBC}") = "RentAHousband.Tests", "RentAHousband.Tests\RentAHousband.Tests.csproj", "{D3E744F0-B7A6-41C5-9567-25C7811B22DB}"
EndProject
Global
	GlobalSection(SolutionConfigurationPlatforms) = preSolution
		Debug|Any CPU = Debug|Any CPU
		Release|Any CPU = Release|Any CPU
	EndGlobalSection
	GlobalSection(ProjectConfigurationPlatforms) = postSolution
		{D0A6088A-D4F9-41C3-8AFB-3EBC78CD1038}.Debug|Any CPU.ActiveCfg = Debug|Any CPU
		{D0A6088A-D4F9-41C3-8AFB-3EBC78CD1038}.Debug|Any CPU.Build.0 = Debug|Any CPU
		{D0A6088A-D4F9-41C3-8AFB-3EBC78CD1038}.Release|Any CPU.ActiveCfg = Release|Any CPU
		{D0A6088A-D4F9-41C3-8AFB-3EBC78CD1038}.Release|Any CPU.Build.0 = Release|Any CPU
		{D3E744F0-B7A6-41C5-9567-25C7811B22DB}.Debug|Any CPU.ActiveCfg = Debug|Any CPU
		{D3E744F0-B7A6-41C5-9567-25C7811B22DB}.Debug|Any CPU.Build.0 = Debug|Any CPU
		{D3E744F0-B7A6-41C5-9567-25C7811B22DB}.Release|Any CPU.ActiveCfg = Release|Any CPU
		{D3E744F0-B7A6-41C5-9567-25C7811B22DB}.Release|Any CPU.Build.0 = Release|Any CPU
	EndGlobalSection
	GlobalSection(SolutionProperties) = preSolution
		HideSolutionNode = FALSE
	EndGlobalSection
	GlobalSection(ExtensibilityGlobals) = postSolution
		SolutionGuid = {18A30E81-89C9-4388-A594-FE875A5E8232}
	EndGlobalSection
EndGlobal
